
Microsoft Visual Studio Solution File, Format Version 12.00
# Visual Studio 15
VisualStudioVersion = 15.0.26730.12
MinimumVisualStudioVersion = 10.0.40219.1
Project("{9A19103F-16F7-4668-BE54-9A1E7A4F7556}") = "Subproject_2", "Subproject 2\Subproject_2.csproj", "{6456C10C-C436-483F-9866-783CDE7988D9}"
EndProject
Project("{9A19103F-16F7-4668-BE54-9A1E7A4F7556}") = "StackoverflowWebservice", "StackoverflowWebservice\StackoverflowWebservice.csproj", "{EA7A6FF7-EEE7-4D86-96B8-B1F929D1CECE}"
EndProject
Project("{FAE04EC0-301F-11D3-BF4B-00C04F79EFBC}") = "DataServiceTest", "DataServiceTest\DataServiceTest.csproj", "{EF4F66E7-AC75-426C-9A5F-47BCAE695836}"
EndProject
Project("{FAE04EC0-301F-11D3-BF4B-00C04F79EFBC}") = "WebServiceTest", "WebServiceTest\WebServiceTest.csproj", "{975C527D-6D23-4438-962F-4CA5DA94A51E}"
EndProject
Global
	GlobalSection(SolutionConfigurationPlatforms) = preSolution
		Debug|Any CPU = Debug|Any CPU
		Release|Any CPU = Release|Any CPU
	EndGlobalSection
	GlobalSection(ProjectConfigurationPlatforms) = postSolution
		{6456C10C-C436-483F-9866-783CDE7988D9}.Debug|Any CPU.ActiveCfg = Debug|Any CPU
		{6456C10C-C436-483F-9866-783CDE7988D9}.Debug|Any CPU.Build.0 = Debug|Any CPU
		{6456C10C-C436-483F-9866-783CDE7988D9}.Release|Any CPU.ActiveCfg = Release|Any CPU
		{6456C10C-C436-483F-9866-783CDE7988D9}.Release|Any CPU.Build.0 = Release|Any CPU
		{EA7A6FF7-EEE7-4D86-96B8-B1F929D1CECE}.Debug|Any CPU.ActiveCfg = Debug|Any CPU
		{EA7A6FF7-EEE7-4D86-96B8-B1F929D1CECE}.Debug|Any CPU.Build.0 = Debug|Any CPU
		{EA7A6FF7-EEE7-4D86-96B8-B1F929D1CECE}.Release|Any CPU.ActiveCfg = Release|Any CPU
		{EA7A6FF7-EEE7-4D86-96B8-B1F929D1CECE}.Release|Any CPU.Build.0 = Release|Any CPU
		{EF4F66E7-AC75-426C-9A5F-47BCAE695836}.Debug|Any CPU.ActiveCfg = Debug|Any CPU
		{EF4F66E7-AC75-426C-9A5F-47BCAE695836}.Debug|Any CPU.Build.0 = Debug|Any CPU
		{EF4F66E7-AC75-426C-9A5F-47BCAE695836}.Release|Any CPU.ActiveCfg = Release|Any CPU
		{EF4F66E7-AC75-426C-9A5F-47BCAE695836}.Release|Any CPU.Build.0 = Release|Any CPU
		{975C527D-6D23-4438-962F-4CA5DA94A51E}.Debug|Any CPU.ActiveCfg = Debug|Any CPU
		{975C527D-6D23-4438-962F-4CA5DA94A51E}.Debug|Any CPU.Build.0 = Debug|Any CPU
		{975C527D-6D23-4438-962F-4CA5DA94A51E}.Release|Any CPU.ActiveCfg = Release|Any CPU
		{975C527D-6D23-4438-962F-4CA5DA94A51E}.Release|Any CPU.Build.0 = Release|Any CPU
	EndGlobalSection
	GlobalSection(SolutionProperties) = preSolution
		HideSolutionNode = FALSE
	EndGlobalSection
	GlobalSection(ExtensibilityGlobals) = postSolution
		SolutionGuid = {B6E69B3D-E9CD-47DC-AF6F-EDB5DC2DCA56}
	EndGlobalSection
EndGlobal
